
Microsoft Visual Studio Solution File, Format Version 12.00
# Visual Studio Version 17
VisualStudioVersion = 17.6.33801.468
MinimumVisualStudioVersion = 10.0.40219.1
Project("{2150E333-8FDC-42A3-9474-1A3956D46DE8}") = "Solution Items", "Solution Items", "{8D7362F6-B5D0-447F-994C-E7213326A0C3}"
	ProjectSection(SolutionItems) = preProject
		Assignments.md = Assignments.md
		readme.md = readme.md
	EndProjectSection
EndProject
Project("{9A19103F-16F7-4668-BE54-9A1E7A4F7556}") = "CS_FirstApp", "CS_FirstApp\CS_FirstApp.csproj", "{B2616145-50B4-4E31-8E3A-2BEFE59877F5}"
EndProject
Project("{9A19103F-16F7-4668-BE54-9A1E7A4F7556}") = "CS_Strings", "CS_Strings\CS_Strings.csproj", "{6115724C-1A69-4368-AE9C-8E78BCABDC2F}"
EndProject
Project("{2150E333-8FDC-42A3-9474-1A3956D46DE8}") = "OOPs", "OOPs", "{7B66F853-7A34-431F-91D4-9FB3D1F8849F}"
EndProject
Project("{9A19103F-16F7-4668-BE54-9A1E7A4F7556}") = "CS_SimpleClass", "CS_SimpleClass\CS_SimpleClass.csproj", "{0A7A6E66-B5B0-4192-A4A5-EB2AE8247F0E}"
EndProject
Project("{9A19103F-16F7-4668-BE54-9A1E7A4F7556}") = "CS_Members", "CS_Members\CS_Members.csproj", "{4CC458D4-F19D-4347-B587-B90595660AAD}"
EndProject
Project("{9A19103F-16F7-4668-BE54-9A1E7A4F7556}") = "CS_AppliedOOPs", "CS_AppliedOOPs\CS_AppliedOOPs.csproj", "{87115004-A3E9-4C53-AC85-CA9F0321A356}"
EndProject
Project("{2150E333-8FDC-42A3-9474-1A3956D46DE8}") = "interfaces", "interfaces", "{9446D153-FD26-4803-9067-F0FEB0A259A5}"
EndProject
Project("{9A19103F-16F7-4668-BE54-9A1E7A4F7556}") = "CS_Interfaces", "CS_Interfaces\CS_Interfaces.csproj", "{53267017-ADC4-4438-AAAA-B17278C5D34E}"
EndProject
Project("{2150E333-8FDC-42A3-9474-1A3956D46DE8}") = "InterfaceContracts", "InterfaceContracts", "{570F613D-552C-4E36-ADB6-D2A20031AA0B}"
EndProject
Project("{9A19103F-16F7-4668-BE54-9A1E7A4F7556}") = "CS_Logger", "CS_Logger\CS_Logger.csproj", "{EC5BFDF9-8605-44BF-8654-B0872B0D88AB}"
EndProject
Project("{9A19103F-16F7-4668-BE54-9A1E7A4F7556}") = "CS_LoggerUtilizer", "CS_LoggerUtilizer\CS_LoggerUtilizer.csproj", "{6AC47A88-5285-4274-A0B5-E58CF8660FCE}"
EndProject
Project("{2150E333-8FDC-42A3-9474-1A3956D46DE8}") = "DelegateEvents", "DelegateEvents", "{0F4B3319-052D-4930-A238-3A7B34F906FF}"
EndProject
Project("{9A19103F-16F7-4668-BE54-9A1E7A4F7556}") = "CS_Delegate", "CS_Delegate\CS_Delegate.csproj", "{F3471ED5-E7B6-47DA-9F2F-CD57903013EB}"
EndProject
Project("{FAE04EC0-301F-11D3-BF4B-00C04F79EFBC}") = "CS_Events", "CS_Events\CS_Events.csproj", "{11600BAC-1577-41D7-9BCB-641DDC5F7E63}"
EndProject
Project("{FAE04EC0-301F-11D3-BF4B-00C04F79EFBC}") = "CS_ExtensionMethod", "CS_ExtensionMethod\CS_ExtensionMethod.csproj", "{B2C0D5D3-9A1A-41D4-8F9E-09D11ACD1B7E}"
EndProject
Project("{2150E333-8FDC-42A3-9474-1A3956D46DE8}") = "DemoCllections", "DemoCllections", "{81DE529C-AEC0-409D-9BD1-A82EAA683678}"
EndProject
Project("{FAE04EC0-301F-11D3-BF4B-00C04F79EFBC}") = "CS_Collections", "CS_Collections\CS_Collections.csproj", "{9D9D4C29-5721-44E5-9D74-B393A0B30C1C}"
EndProject
Global
	GlobalSection(SolutionConfigurationPlatforms) = preSolution
		Debug|Any CPU = Debug|Any CPU
		Release|Any CPU = Release|Any CPU
	EndGlobalSection
	GlobalSection(ProjectConfigurationPlatforms) = postSolution
		{B2616145-50B4-4E31-8E3A-2BEFE59877F5}.Debug|Any CPU.ActiveCfg = Debug|Any CPU
		{B2616145-50B4-4E31-8E3A-2BEFE59877F5}.Debug|Any CPU.Build.0 = Debug|Any CPU
		{B2616145-50B4-4E31-8E3A-2BEFE59877F5}.Release|Any CPU.ActiveCfg = Release|Any CPU
		{B2616145-50B4-4E31-8E3A-2BEFE59877F5}.Release|Any CPU.Build.0 = Release|Any CPU
		{6115724C-1A69-4368-AE9C-8E78BCABDC2F}.Debug|Any CPU.ActiveCfg = Debug|Any CPU
		{6115724C-1A69-4368-AE9C-8E78BCABDC2F}.Debug|Any CPU.Build.0 = Debug|Any CPU
		{6115724C-1A69-4368-AE9C-8E78BCABDC2F}.Release|Any CPU.ActiveCfg = Release|Any CPU
		{6115724C-1A69-4368-AE9C-8E78BCABDC2F}.Release|Any CPU.Build.0 = Release|Any CPU
		{0A7A6E66-B5B0-4192-A4A5-EB2AE8247F0E}.Debug|Any CPU.ActiveCfg = Debug|Any CPU
		{0A7A6E66-B5B0-4192-A4A5-EB2AE8247F0E}.Debug|Any CPU.Build.0 = Debug|Any CPU
		{0A7A6E66-B5B0-4192-A4A5-EB2AE8247F0E}.Release|Any CPU.ActiveCfg = Release|Any CPU
		{0A7A6E66-B5B0-4192-A4A5-EB2AE8247F0E}.Release|Any CPU.Build.0 = Release|Any CPU
		{4CC458D4-F19D-4347-B587-B90595660AAD}.Debug|Any CPU.ActiveCfg = Debug|Any CPU
		{4CC458D4-F19D-4347-B587-B90595660AAD}.Debug|Any CPU.Build.0 = Debug|Any CPU
		{4CC458D4-F19D-4347-B587-B90595660AAD}.Release|Any CPU.ActiveCfg = Release|Any CPU
		{4CC458D4-F19D-4347-B587-B90595660AAD}.Release|Any CPU.Build.0 = Release|Any CPU
		{87115004-A3E9-4C53-AC85-CA9F0321A356}.Debug|Any CPU.ActiveCfg = Debug|Any CPU
		{87115004-A3E9-4C53-AC85-CA9F0321A356}.Debug|Any CPU.Build.0 = Debug|Any CPU
		{87115004-A3E9-4C53-AC85-CA9F0321A356}.Release|Any CPU.ActiveCfg = Release|Any CPU
		{87115004-A3E9-4C53-AC85-CA9F0321A356}.Release|Any CPU.Build.0 = Release|Any CPU
		{53267017-ADC4-4438-AAAA-B17278C5D34E}.Debug|Any CPU.ActiveCfg = Debug|Any CPU
		{53267017-ADC4-4438-AAAA-B17278C5D34E}.Debug|Any CPU.Build.0 = Debug|Any CPU
		{53267017-ADC4-4438-AAAA-B17278C5D34E}.Release|Any CPU.ActiveCfg = Release|Any CPU
		{53267017-ADC4-4438-AAAA-B17278C5D34E}.Release|Any CPU.Build.0 = Release|Any CPU
		{EC5BFDF9-8605-44BF-8654-B0872B0D88AB}.Debug|Any CPU.ActiveCfg = Debug|Any CPU
		{EC5BFDF9-8605-44BF-8654-B0872B0D88AB}.Debug|Any CPU.Build.0 = Debug|Any CPU
		{EC5BFDF9-8605-44BF-8654-B0872B0D88AB}.Release|Any CPU.ActiveCfg = Release|Any CPU
		{EC5BFDF9-8605-44BF-8654-B0872B0D88AB}.Release|Any CPU.Build.0 = Release|Any CPU
		{6AC47A88-5285-4274-A0B5-E58CF8660FCE}.Debug|Any CPU.ActiveCfg = Debug|Any CPU
		{6AC47A88-5285-4274-A0B5-E58CF8660FCE}.Debug|Any CPU.Build.0 = Debug|Any CPU
		{6AC47A88-5285-4274-A0B5-E58CF8660FCE}.Release|Any CPU.ActiveCfg = Release|Any CPU
		{6AC47A88-5285-4274-A0B5-E58CF8660FCE}.Release|Any CPU.Build.0 = Release|Any CPU
		{F3471ED5-E7B6-47DA-9F2F-CD57903013EB}.Debug|Any CPU.ActiveCfg = Debug|Any CPU
		{F3471ED5-E7B6-47DA-9F2F-CD57903013EB}.Debug|Any CPU.Build.0 = Debug|Any CPU
		{F3471ED5-E7B6-47DA-9F2F-CD57903013EB}.Release|Any CPU.ActiveCfg = Release|Any CPU
		{F3471ED5-E7B6-47DA-9F2F-CD57903013EB}.Release|Any CPU.Build.0 = Release|Any CPU
		{11600BAC-1577-41D7-9BCB-641DDC5F7E63}.Debug|Any CPU.ActiveCfg = Debug|Any CPU
		{11600BAC-1577-41D7-9BCB-641DDC5F7E63}.Debug|Any CPU.Build.0 = Debug|Any CPU
		{11600BAC-1577-41D7-9BCB-641DDC5F7E63}.Release|Any CPU.ActiveCfg = Release|Any CPU
		{11600BAC-1577-41D7-9BCB-641DDC5F7E63}.Release|Any CPU.Build.0 = Release|Any CPU
		{B2C0D5D3-9A1A-41D4-8F9E-09D11ACD1B7E}.Debug|Any CPU.ActiveCfg = Debug|Any CPU
		{B2C0D5D3-9A1A-41D4-8F9E-09D11ACD1B7E}.Debug|Any CPU.Build.0 = Debug|Any CPU
		{B2C0D5D3-9A1A-41D4-8F9E-09D11ACD1B7E}.Release|Any CPU.ActiveCfg = Release|Any CPU
		{B2C0D5D3-9A1A-41D4-8F9E-09D11ACD1B7E}.Release|Any CPU.Build.0 = Release|Any CPU
		{9D9D4C29-5721-44E5-9D74-B393A0B30C1C}.Debug|Any CPU.ActiveCfg = Debug|Any CPU
		{9D9D4C29-5721-44E5-9D74-B393A0B30C1C}.Debug|Any CPU.Build.0 = Debug|Any CPU
		{9D9D4C29-5721-44E5-9D74-B393A0B30C1C}.Release|Any CPU.ActiveCfg = Release|Any CPU
		{9D9D4C29-5721-44E5-9D74-B393A0B30C1C}.Release|Any CPU.Build.0 = Release|Any CPU
	EndGlobalSection
	GlobalSection(SolutionProperties) = preSolution
		HideSolutionNode = FALSE
	EndGlobalSection
	GlobalSection(NestedProjects) = preSolution
		{0A7A6E66-B5B0-4192-A4A5-EB2AE8247F0E} = {7B66F853-7A34-431F-91D4-9FB3D1F8849F}
		{4CC458D4-F19D-4347-B587-B90595660AAD} = {7B66F853-7A34-431F-91D4-9FB3D1F8849F}
		{87115004-A3E9-4C53-AC85-CA9F0321A356} = {7B66F853-7A34-431F-91D4-9FB3D1F8849F}
		{9446D153-FD26-4803-9067-F0FEB0A259A5} = {7B66F853-7A34-431F-91D4-9FB3D1F8849F}
		{53267017-ADC4-4438-AAAA-B17278C5D34E} = {9446D153-FD26-4803-9067-F0FEB0A259A5}
		{570F613D-552C-4E36-ADB6-D2A20031AA0B} = {7B66F853-7A34-431F-91D4-9FB3D1F8849F}
		{EC5BFDF9-8605-44BF-8654-B0872B0D88AB} = {570F613D-552C-4E36-ADB6-D2A20031AA0B}
		{6AC47A88-5285-4274-A0B5-E58CF8660FCE} = {570F613D-552C-4E36-ADB6-D2A20031AA0B}
		{F3471ED5-E7B6-47DA-9F2F-CD57903013EB} = {0F4B3319-052D-4930-A238-3A7B34F906FF}
		{11600BAC-1577-41D7-9BCB-641DDC5F7E63} = {0F4B3319-052D-4930-A238-3A7B34F906FF}
		{B2C0D5D3-9A1A-41D4-8F9E-09D11ACD1B7E} = {7B66F853-7A34-431F-91D4-9FB3D1F8849F}
		{9D9D4C29-5721-44E5-9D74-B393A0B30C1C} = {81DE529C-AEC0-409D-9BD1-A82EAA683678}
	EndGlobalSection
	GlobalSection(ExtensibilityGlobals) = postSolution
		SolutionGuid = {312A4DD1-D98D-4A39-B08E-E48EFE532826}
	EndGlobalSection
EndGlobal
